# This file was autogenerated by Stack.
# You should not edit this file by hand.
# For more information, please see the documentation at:
#   https://docs.haskellstack.org/en/stable/lock_files

packages:
- completed:
    hackage: mezzolens-0.0.0@sha256:da3a9df86229e3667c22e1c85a639a3aeb4034bb188831287531f9cd033bcb17,1421
    pantry-tree:
      size: 791
      sha256: b2ed08e707238bf4fd582a8e09d743f3ec4d6c6f6b39aa347dc0e5ff1b31a187
  original:
    hackage: mezzolens-0.0.0@sha256:da3a9df86229e3667c22e1c85a639a3aeb4034bb188831287531f9cd033bcb17,1421
snapshots:
- completed:
    size: 499193
    url: https://raw.githubusercontent.com/commercialhaskell/stackage-snapshots/master/lts/12/1.yaml
    sha256: 2f67d2e2b2f7926260afa0adb908e24a7df2eed14804d6602fa17a5b5de97f61
  original: lts-12.1
